
Microsoft Visual Studio Solution File, Format Version 12.00
# Visual Studio Version 16
VisualStudioVersion = 16.0.31112.23
MinimumVisualStudioVersion = 10.0.40219.1
Project("{FAE04EC0-301F-11D3-BF4B-00C04F79EFBC}") = "Example1", "Example1\Example1.csproj", "{EC50C57C-C576-4E8C-AF10-C0AD5FCD782D}"
EndProject
Global
	GlobalSection(SolutionConfigurationPlatforms) = preSolution
		Debug|Any CPU = Debug|Any CPU
		Release|Any CPU = Release|Any CPU
	EndGlobalSection
	GlobalSection(ProjectConfigurationPlatforms) = postSolution
		{EC50C57C-C576-4E8C-AF10-C0AD5FCD782D}.Debug|Any CPU.ActiveCfg = Debug|Any CPU
		{EC50C57C-C576-4E8C-AF10-C0AD5FCD782D}.Debug|Any CPU.Build.0 = Debug|Any CPU
		{EC50C57C-C576-4E8C-AF10-C0AD5FCD782D}.Release|Any CPU.ActiveCfg = Release|Any CPU
		{EC50C57C-C576-4E8C-AF10-C0AD5FCD782D}.Release|Any CPU.Build.0 = Release|Any CPU
	EndGlobalSection
	GlobalSection(SolutionProperties) = preSolution
		HideSolutionNode = FALSE
	EndGlobalSection
	GlobalSection(ExtensibilityGlobals) = postSolution
		SolutionGuid = {9749A33C-3A12-4170-B597-A14EF8ADA151}
	EndGlobalSection
EndGlobal
