
Microsoft Visual Studio Solution File, Format Version 12.00
# Visual Studio Version 16
VisualStudioVersion = 16.0.31112.23
MinimumVisualStudioVersion = 10.0.40219.1
Project("{FAE04EC0-301F-11D3-BF4B-00C04F79EFBC}") = "2DArraysTest", "2DArraysTest\2DArraysTest.csproj", "{2DB15B6B-8CCD-4BA3-A9F7-9DB19ADEFA3E}"
EndProject
Global
	GlobalSection(SolutionConfigurationPlatforms) = preSolution
		Debug|Any CPU = Debug|Any CPU
		Release|Any CPU = Release|Any CPU
	EndGlobalSection
	GlobalSection(ProjectConfigurationPlatforms) = postSolution
		{2DB15B6B-8CCD-4BA3-A9F7-9DB19ADEFA3E}.Debug|Any CPU.ActiveCfg = Debug|Any CPU
		{2DB15B6B-8CCD-4BA3-A9F7-9DB19ADEFA3E}.Debug|Any CPU.Build.0 = Debug|Any CPU
		{2DB15B6B-8CCD-4BA3-A9F7-9DB19ADEFA3E}.Release|Any CPU.ActiveCfg = Release|Any CPU
		{2DB15B6B-8CCD-4BA3-A9F7-9DB19ADEFA3E}.Release|Any CPU.Build.0 = Release|Any CPU
	EndGlobalSection
	GlobalSection(SolutionProperties) = preSolution
		HideSolutionNode = FALSE
	EndGlobalSection
	GlobalSection(ExtensibilityGlobals) = postSolution
		SolutionGuid = {C607CC74-C0FA-4C47-A773-776056EF9218}
	EndGlobalSection
EndGlobal
