
Microsoft Visual Studio Solution File, Format Version 12.00
# Visual Studio Version 16
VisualStudioVersion = 16.0.31515.178
MinimumVisualStudioVersion = 10.0.40219.1
Project("{FAE04EC0-301F-11D3-BF4B-00C04F79EFBC}") = "1-TemperatureConversion", "1-TemperatureConversion\1-TemperatureConversion.csproj", "{F383C1E7-E69E-4677-A37C-603BFE32B6AD}"
EndProject
Global
	GlobalSection(SolutionConfigurationPlatforms) = preSolution
		Debug|Any CPU = Debug|Any CPU
		Release|Any CPU = Release|Any CPU
	EndGlobalSection
	GlobalSection(ProjectConfigurationPlatforms) = postSolution
		{F383C1E7-E69E-4677-A37C-603BFE32B6AD}.Debug|Any CPU.ActiveCfg = Debug|Any CPU
		{F383C1E7-E69E-4677-A37C-603BFE32B6AD}.Debug|Any CPU.Build.0 = Debug|Any CPU
		{F383C1E7-E69E-4677-A37C-603BFE32B6AD}.Release|Any CPU.ActiveCfg = Release|Any CPU
		{F383C1E7-E69E-4677-A37C-603BFE32B6AD}.Release|Any CPU.Build.0 = Release|Any CPU
	EndGlobalSection
	GlobalSection(SolutionProperties) = preSolution
		HideSolutionNode = FALSE
	EndGlobalSection
	GlobalSection(ExtensibilityGlobals) = postSolution
		SolutionGuid = {43B21F43-CC60-460A-BC35-E189768F4F54}
	EndGlobalSection
EndGlobal
