
Microsoft Visual Studio Solution File, Format Version 12.00
# Visual Studio Version 16
VisualStudioVersion = 16.0.31515.178
MinimumVisualStudioVersion = 10.0.40219.1
Project("{FAE04EC0-301F-11D3-BF4B-00C04F79EFBC}") = "CodeItUp", "CodeItUp\CodeItUp.csproj", "{141CE656-5499-46F1-AB48-F391DFBE4A3A}"
EndProject
Global
	GlobalSection(SolutionConfigurationPlatforms) = preSolution
		Debug|Any CPU = Debug|Any CPU
		Release|Any CPU = Release|Any CPU
	EndGlobalSection
	GlobalSection(ProjectConfigurationPlatforms) = postSolution
		{141CE656-5499-46F1-AB48-F391DFBE4A3A}.Debug|Any CPU.ActiveCfg = Debug|Any CPU
		{141CE656-5499-46F1-AB48-F391DFBE4A3A}.Debug|Any CPU.Build.0 = Debug|Any CPU
		{141CE656-5499-46F1-AB48-F391DFBE4A3A}.Release|Any CPU.ActiveCfg = Release|Any CPU
		{141CE656-5499-46F1-AB48-F391DFBE4A3A}.Release|Any CPU.Build.0 = Release|Any CPU
	EndGlobalSection
	GlobalSection(SolutionProperties) = preSolution
		HideSolutionNode = FALSE
	EndGlobalSection
	GlobalSection(ExtensibilityGlobals) = postSolution
		SolutionGuid = {1977A592-DA35-4EAA-9339-8179CDD53520}
	EndGlobalSection
EndGlobal
