
Microsoft Visual Studio Solution File, Format Version 12.00
# Visual Studio Version 16
VisualStudioVersion = 16.0.31515.178
MinimumVisualStudioVersion = 10.0.40219.1
Project("{FAE04EC0-301F-11D3-BF4B-00C04F79EFBC}") = "3-Coaches", "3-Coaches\3-Coaches.csproj", "{0BB916C9-2A3A-48D0-A874-F8695810890C}"
EndProject
Global
	GlobalSection(SolutionConfigurationPlatforms) = preSolution
		Debug|Any CPU = Debug|Any CPU
		Release|Any CPU = Release|Any CPU
	EndGlobalSection
	GlobalSection(ProjectConfigurationPlatforms) = postSolution
		{0BB916C9-2A3A-48D0-A874-F8695810890C}.Debug|Any CPU.ActiveCfg = Debug|Any CPU
		{0BB916C9-2A3A-48D0-A874-F8695810890C}.Debug|Any CPU.Build.0 = Debug|Any CPU
		{0BB916C9-2A3A-48D0-A874-F8695810890C}.Release|Any CPU.ActiveCfg = Release|Any CPU
		{0BB916C9-2A3A-48D0-A874-F8695810890C}.Release|Any CPU.Build.0 = Release|Any CPU
	EndGlobalSection
	GlobalSection(SolutionProperties) = preSolution
		HideSolutionNode = FALSE
	EndGlobalSection
	GlobalSection(ExtensibilityGlobals) = postSolution
		SolutionGuid = {61DA1784-A579-4253-9823-1DD50EFD8660}
	EndGlobalSection
EndGlobal
