
Microsoft Visual Studio Solution File, Format Version 12.00
# Visual Studio Version 16
VisualStudioVersion = 16.0.31515.178
MinimumVisualStudioVersion = 10.0.40219.1
Project("{FAE04EC0-301F-11D3-BF4B-00C04F79EFBC}") = "GreaterThan99", "GreaterThan99\GreaterThan99.csproj", "{30926A94-DB3F-42B0-BF42-9778FA2E0980}"
EndProject
Global
	GlobalSection(SolutionConfigurationPlatforms) = preSolution
		Debug|Any CPU = Debug|Any CPU
		Release|Any CPU = Release|Any CPU
	EndGlobalSection
	GlobalSection(ProjectConfigurationPlatforms) = postSolution
		{30926A94-DB3F-42B0-BF42-9778FA2E0980}.Debug|Any CPU.ActiveCfg = Debug|Any CPU
		{30926A94-DB3F-42B0-BF42-9778FA2E0980}.Debug|Any CPU.Build.0 = Debug|Any CPU
		{30926A94-DB3F-42B0-BF42-9778FA2E0980}.Release|Any CPU.ActiveCfg = Release|Any CPU
		{30926A94-DB3F-42B0-BF42-9778FA2E0980}.Release|Any CPU.Build.0 = Release|Any CPU
	EndGlobalSection
	GlobalSection(SolutionProperties) = preSolution
		HideSolutionNode = FALSE
	EndGlobalSection
	GlobalSection(ExtensibilityGlobals) = postSolution
		SolutionGuid = {5023DDE2-94BC-4982-930A-2D94911F0699}
	EndGlobalSection
EndGlobal
