
Microsoft Visual Studio Solution File, Format Version 12.00
# Visual Studio Version 16
VisualStudioVersion = 16.0.31515.178
MinimumVisualStudioVersion = 10.0.40219.1
Project("{FAE04EC0-301F-11D3-BF4B-00C04F79EFBC}") = "RectangleOfStars", "RectangleOfStars\RectangleOfStars.csproj", "{8F998CCB-8E80-4117-8796-A5BA26C1FBB9}"
EndProject
Global
	GlobalSection(SolutionConfigurationPlatforms) = preSolution
		Debug|Any CPU = Debug|Any CPU
		Release|Any CPU = Release|Any CPU
	EndGlobalSection
	GlobalSection(ProjectConfigurationPlatforms) = postSolution
		{8F998CCB-8E80-4117-8796-A5BA26C1FBB9}.Debug|Any CPU.ActiveCfg = Debug|Any CPU
		{8F998CCB-8E80-4117-8796-A5BA26C1FBB9}.Debug|Any CPU.Build.0 = Debug|Any CPU
		{8F998CCB-8E80-4117-8796-A5BA26C1FBB9}.Release|Any CPU.ActiveCfg = Release|Any CPU
		{8F998CCB-8E80-4117-8796-A5BA26C1FBB9}.Release|Any CPU.Build.0 = Release|Any CPU
	EndGlobalSection
	GlobalSection(SolutionProperties) = preSolution
		HideSolutionNode = FALSE
	EndGlobalSection
	GlobalSection(ExtensibilityGlobals) = postSolution
		SolutionGuid = {E8C410F0-8B38-4FAA-A1B0-ACAC7D9570A7}
	EndGlobalSection
EndGlobal
