
Microsoft Visual Studio Solution File, Format Version 12.00
# Visual Studio Version 16
VisualStudioVersion = 16.0.31515.178
MinimumVisualStudioVersion = 10.0.40219.1
Project("{FAE04EC0-301F-11D3-BF4B-00C04F79EFBC}") = "Date", "Date\Date.csproj", "{5C24FD21-91E5-4F9E-A836-97ABE16ADDEC}"
EndProject
Global
	GlobalSection(SolutionConfigurationPlatforms) = preSolution
		Debug|Any CPU = Debug|Any CPU
		Release|Any CPU = Release|Any CPU
	EndGlobalSection
	GlobalSection(ProjectConfigurationPlatforms) = postSolution
		{5C24FD21-91E5-4F9E-A836-97ABE16ADDEC}.Debug|Any CPU.ActiveCfg = Debug|Any CPU
		{5C24FD21-91E5-4F9E-A836-97ABE16ADDEC}.Debug|Any CPU.Build.0 = Debug|Any CPU
		{5C24FD21-91E5-4F9E-A836-97ABE16ADDEC}.Release|Any CPU.ActiveCfg = Release|Any CPU
		{5C24FD21-91E5-4F9E-A836-97ABE16ADDEC}.Release|Any CPU.Build.0 = Release|Any CPU
	EndGlobalSection
	GlobalSection(SolutionProperties) = preSolution
		HideSolutionNode = FALSE
	EndGlobalSection
	GlobalSection(ExtensibilityGlobals) = postSolution
		SolutionGuid = {9015B913-26D7-4D6F-9D5F-56AB5C54E7A3}
	EndGlobalSection
EndGlobal
