
Microsoft Visual Studio Solution File, Format Version 12.00
# Visual Studio Version 16
VisualStudioVersion = 16.0.31112.23
MinimumVisualStudioVersion = 10.0.40219.1
Project("{FAE04EC0-301F-11D3-BF4B-00C04F79EFBC}") = "ProgramString1", "ProgramString1\ProgramString1.csproj", "{95FA51C5-C7D4-477C-93B9-2D553FC1C34F}"
EndProject
Global
	GlobalSection(SolutionConfigurationPlatforms) = preSolution
		Debug|Any CPU = Debug|Any CPU
		Release|Any CPU = Release|Any CPU
	EndGlobalSection
	GlobalSection(ProjectConfigurationPlatforms) = postSolution
		{95FA51C5-C7D4-477C-93B9-2D553FC1C34F}.Debug|Any CPU.ActiveCfg = Debug|Any CPU
		{95FA51C5-C7D4-477C-93B9-2D553FC1C34F}.Debug|Any CPU.Build.0 = Debug|Any CPU
		{95FA51C5-C7D4-477C-93B9-2D553FC1C34F}.Release|Any CPU.ActiveCfg = Release|Any CPU
		{95FA51C5-C7D4-477C-93B9-2D553FC1C34F}.Release|Any CPU.Build.0 = Release|Any CPU
	EndGlobalSection
	GlobalSection(SolutionProperties) = preSolution
		HideSolutionNode = FALSE
	EndGlobalSection
	GlobalSection(ExtensibilityGlobals) = postSolution
		SolutionGuid = {F074CA64-18A1-4920-A3A5-3196420DDAE9}
	EndGlobalSection
EndGlobal
