
Microsoft Visual Studio Solution File, Format Version 12.00
# Visual Studio Version 16
VisualStudioVersion = 16.0.31515.178
MinimumVisualStudioVersion = 10.0.40219.1
Project("{FAE04EC0-301F-11D3-BF4B-00C04F79EFBC}") = "WordleGUI", "WordleGUI\WordleGUI.csproj", "{BE370633-6020-4E0A-B10C-E94F78D48FBE}"
EndProject
Global
	GlobalSection(SolutionConfigurationPlatforms) = preSolution
		Debug|Any CPU = Debug|Any CPU
		Release|Any CPU = Release|Any CPU
	EndGlobalSection
	GlobalSection(ProjectConfigurationPlatforms) = postSolution
		{BE370633-6020-4E0A-B10C-E94F78D48FBE}.Debug|Any CPU.ActiveCfg = Debug|Any CPU
		{BE370633-6020-4E0A-B10C-E94F78D48FBE}.Debug|Any CPU.Build.0 = Debug|Any CPU
		{BE370633-6020-4E0A-B10C-E94F78D48FBE}.Release|Any CPU.ActiveCfg = Release|Any CPU
		{BE370633-6020-4E0A-B10C-E94F78D48FBE}.Release|Any CPU.Build.0 = Release|Any CPU
	EndGlobalSection
	GlobalSection(SolutionProperties) = preSolution
		HideSolutionNode = FALSE
	EndGlobalSection
	GlobalSection(ExtensibilityGlobals) = postSolution
		SolutionGuid = {D33B5BE3-734B-482E-A34C-FB8FC3B43122}
	EndGlobalSection
EndGlobal
