
Microsoft Visual Studio Solution File, Format Version 12.00
# Visual Studio Version 16
VisualStudioVersion = 16.0.31515.178
MinimumVisualStudioVersion = 10.0.40219.1
Project("{FAE04EC0-301F-11D3-BF4B-00C04F79EFBC}") = "PersonRecord", "PersonRecord\PersonRecord.csproj", "{3E6303FE-B87F-4094-B4CD-A0AAF277898C}"
EndProject
Global
	GlobalSection(SolutionConfigurationPlatforms) = preSolution
		Debug|Any CPU = Debug|Any CPU
		Release|Any CPU = Release|Any CPU
	EndGlobalSection
	GlobalSection(ProjectConfigurationPlatforms) = postSolution
		{3E6303FE-B87F-4094-B4CD-A0AAF277898C}.Debug|Any CPU.ActiveCfg = Debug|Any CPU
		{3E6303FE-B87F-4094-B4CD-A0AAF277898C}.Debug|Any CPU.Build.0 = Debug|Any CPU
		{3E6303FE-B87F-4094-B4CD-A0AAF277898C}.Release|Any CPU.ActiveCfg = Release|Any CPU
		{3E6303FE-B87F-4094-B4CD-A0AAF277898C}.Release|Any CPU.Build.0 = Release|Any CPU
	EndGlobalSection
	GlobalSection(SolutionProperties) = preSolution
		HideSolutionNode = FALSE
	EndGlobalSection
	GlobalSection(ExtensibilityGlobals) = postSolution
		SolutionGuid = {AE50D969-1AF5-4685-AEC5-FC296338266C}
	EndGlobalSection
EndGlobal
