
Microsoft Visual Studio Solution File, Format Version 12.00
# Visual Studio Version 16
VisualStudioVersion = 16.0.31515.178
MinimumVisualStudioVersion = 10.0.40219.1
Project("{FAE04EC0-301F-11D3-BF4B-00C04F79EFBC}") = "ChessBoardConsoleApp", "ChessBoardConsoleApp\ChessBoardConsoleApp.csproj", "{A5B4B1D9-07EB-4320-874B-60CF22B7AC8D}"
EndProject
Project("{FAE04EC0-301F-11D3-BF4B-00C04F79EFBC}") = "ChessBoardModel", "ChessBoardModel\ChessBoardModel.csproj", "{D041626A-9A7E-415F-88C4-B6452A30D991}"
EndProject
Global
	GlobalSection(SolutionConfigurationPlatforms) = preSolution
		Debug|Any CPU = Debug|Any CPU
		Release|Any CPU = Release|Any CPU
	EndGlobalSection
	GlobalSection(ProjectConfigurationPlatforms) = postSolution
		{A5B4B1D9-07EB-4320-874B-60CF22B7AC8D}.Debug|Any CPU.ActiveCfg = Debug|Any CPU
		{A5B4B1D9-07EB-4320-874B-60CF22B7AC8D}.Debug|Any CPU.Build.0 = Debug|Any CPU
		{A5B4B1D9-07EB-4320-874B-60CF22B7AC8D}.Release|Any CPU.ActiveCfg = Release|Any CPU
		{A5B4B1D9-07EB-4320-874B-60CF22B7AC8D}.Release|Any CPU.Build.0 = Release|Any CPU
		{D041626A-9A7E-415F-88C4-B6452A30D991}.Debug|Any CPU.ActiveCfg = Debug|Any CPU
		{D041626A-9A7E-415F-88C4-B6452A30D991}.Debug|Any CPU.Build.0 = Debug|Any CPU
		{D041626A-9A7E-415F-88C4-B6452A30D991}.Release|Any CPU.ActiveCfg = Release|Any CPU
		{D041626A-9A7E-415F-88C4-B6452A30D991}.Release|Any CPU.Build.0 = Release|Any CPU
	EndGlobalSection
	GlobalSection(SolutionProperties) = preSolution
		HideSolutionNode = FALSE
	EndGlobalSection
	GlobalSection(ExtensibilityGlobals) = postSolution
		SolutionGuid = {2433423A-FEDD-41F7-BD02-59945205184F}
	EndGlobalSection
EndGlobal
