
Microsoft Visual Studio Solution File, Format Version 12.00
# Visual Studio Version 16
VisualStudioVersion = 16.0.31515.178
MinimumVisualStudioVersion = 10.0.40219.1
Project("{FAE04EC0-301F-11D3-BF4B-00C04F79EFBC}") = "EvensAndOdds", "EvensAndOdds\EvensAndOdds.csproj", "{BECA8FAA-9EAE-4546-8264-26B350E36E42}"
EndProject
Global
	GlobalSection(SolutionConfigurationPlatforms) = preSolution
		Debug|Any CPU = Debug|Any CPU
		Release|Any CPU = Release|Any CPU
	EndGlobalSection
	GlobalSection(ProjectConfigurationPlatforms) = postSolution
		{BECA8FAA-9EAE-4546-8264-26B350E36E42}.Debug|Any CPU.ActiveCfg = Debug|Any CPU
		{BECA8FAA-9EAE-4546-8264-26B350E36E42}.Debug|Any CPU.Build.0 = Debug|Any CPU
		{BECA8FAA-9EAE-4546-8264-26B350E36E42}.Release|Any CPU.ActiveCfg = Release|Any CPU
		{BECA8FAA-9EAE-4546-8264-26B350E36E42}.Release|Any CPU.Build.0 = Release|Any CPU
	EndGlobalSection
	GlobalSection(SolutionProperties) = preSolution
		HideSolutionNode = FALSE
	EndGlobalSection
	GlobalSection(ExtensibilityGlobals) = postSolution
		SolutionGuid = {B5293EBD-DEBE-447C-BE6E-AA31FD10304A}
	EndGlobalSection
EndGlobal
