
Microsoft Visual Studio Solution File, Format Version 12.00
# Visual Studio Version 16
VisualStudioVersion = 16.0.31515.178
MinimumVisualStudioVersion = 10.0.40219.1
Project("{FAE04EC0-301F-11D3-BF4B-00C04F79EFBC}") = "MoneyNotes", "MoneyNotes\MoneyNotes.csproj", "{9A7B509A-DCBD-493D-9F7A-C7734108E199}"
EndProject
Global
	GlobalSection(SolutionConfigurationPlatforms) = preSolution
		Debug|Any CPU = Debug|Any CPU
		Release|Any CPU = Release|Any CPU
	EndGlobalSection
	GlobalSection(ProjectConfigurationPlatforms) = postSolution
		{9A7B509A-DCBD-493D-9F7A-C7734108E199}.Debug|Any CPU.ActiveCfg = Debug|Any CPU
		{9A7B509A-DCBD-493D-9F7A-C7734108E199}.Debug|Any CPU.Build.0 = Debug|Any CPU
		{9A7B509A-DCBD-493D-9F7A-C7734108E199}.Release|Any CPU.ActiveCfg = Release|Any CPU
		{9A7B509A-DCBD-493D-9F7A-C7734108E199}.Release|Any CPU.Build.0 = Release|Any CPU
	EndGlobalSection
	GlobalSection(SolutionProperties) = preSolution
		HideSolutionNode = FALSE
	EndGlobalSection
	GlobalSection(ExtensibilityGlobals) = postSolution
		SolutionGuid = {DE3008A2-0E93-4501-912B-A7E64804E71F}
	EndGlobalSection
EndGlobal
