
Microsoft Visual Studio Solution File, Format Version 12.00
# Visual Studio Version 17
VisualStudioVersion = 17.3.32929.385
MinimumVisualStudioVersion = 10.0.40219.1
Project("{FAE04EC0-301F-11D3-BF4B-00C04F79EFBC}") = "PalindromeCheckRecursive", "PalindromeCheckRecursive\PalindromeCheckRecursive.csproj", "{D0742D5D-CCD5-4A17-9FE5-861E053603A6}"
EndProject
Global
	GlobalSection(SolutionConfigurationPlatforms) = preSolution
		Debug|Any CPU = Debug|Any CPU
		Release|Any CPU = Release|Any CPU
	EndGlobalSection
	GlobalSection(ProjectConfigurationPlatforms) = postSolution
		{D0742D5D-CCD5-4A17-9FE5-861E053603A6}.Debug|Any CPU.ActiveCfg = Debug|Any CPU
		{D0742D5D-CCD5-4A17-9FE5-861E053603A6}.Debug|Any CPU.Build.0 = Debug|Any CPU
		{D0742D5D-CCD5-4A17-9FE5-861E053603A6}.Release|Any CPU.ActiveCfg = Release|Any CPU
		{D0742D5D-CCD5-4A17-9FE5-861E053603A6}.Release|Any CPU.Build.0 = Release|Any CPU
	EndGlobalSection
	GlobalSection(SolutionProperties) = preSolution
		HideSolutionNode = FALSE
	EndGlobalSection
	GlobalSection(ExtensibilityGlobals) = postSolution
		SolutionGuid = {C671DC6A-8B88-4BD1-96FD-7E6E693B3C78}
	EndGlobalSection
EndGlobal
