
Microsoft Visual Studio Solution File, Format Version 12.00
# Visual Studio Version 16
VisualStudioVersion = 25.0.1703.8
MinimumVisualStudioVersion = 10.0.40219.1
Project("{FAE04EC0-301F-11D3-BF4B-00C04F79EFBC}") = "MorseDecoder", "MorseDecoder.csproj", "{E868AC15-BB1F-44B9-996B-D80D79F4991F}"
EndProject
Global
	GlobalSection(SolutionConfigurationPlatforms) = preSolution
		Debug|Any CPU = Debug|Any CPU
		Release|Any CPU = Release|Any CPU
	EndGlobalSection
	GlobalSection(ProjectConfigurationPlatforms) = postSolution
		{E868AC15-BB1F-44B9-996B-D80D79F4991F}.Debug|Any CPU.ActiveCfg = Debug|Any CPU
		{E868AC15-BB1F-44B9-996B-D80D79F4991F}.Debug|Any CPU.Build.0 = Debug|Any CPU
		{E868AC15-BB1F-44B9-996B-D80D79F4991F}.Release|Any CPU.ActiveCfg = Release|Any CPU
		{E868AC15-BB1F-44B9-996B-D80D79F4991F}.Release|Any CPU.Build.0 = Release|Any CPU
	EndGlobalSection
	GlobalSection(SolutionProperties) = preSolution
		HideSolutionNode = FALSE
	EndGlobalSection
	GlobalSection(ExtensibilityGlobals) = postSolution
		SolutionGuid = {6FDEC885-7659-4AC3-9EE8-0100887E17F5}
	EndGlobalSection
EndGlobal
