
Microsoft Visual Studio Solution File, Format Version 12.00
# Visual Studio Version 16
VisualStudioVersion = 16.0.31112.23
MinimumVisualStudioVersion = 10.0.40219.1
Project("{FAE04EC0-301F-11D3-BF4B-00C04F79EFBC}") = "Enumerated Types", "Enumerated Types\Enumerated Types.csproj", "{1B20BCB4-4CFD-4CC2-9F6F-D89FAE7BED97}"
EndProject
Global
	GlobalSection(SolutionConfigurationPlatforms) = preSolution
		Debug|Any CPU = Debug|Any CPU
		Release|Any CPU = Release|Any CPU
	EndGlobalSection
	GlobalSection(ProjectConfigurationPlatforms) = postSolution
		{1B20BCB4-4CFD-4CC2-9F6F-D89FAE7BED97}.Debug|Any CPU.ActiveCfg = Debug|Any CPU
		{1B20BCB4-4CFD-4CC2-9F6F-D89FAE7BED97}.Debug|Any CPU.Build.0 = Debug|Any CPU
		{1B20BCB4-4CFD-4CC2-9F6F-D89FAE7BED97}.Release|Any CPU.ActiveCfg = Release|Any CPU
		{1B20BCB4-4CFD-4CC2-9F6F-D89FAE7BED97}.Release|Any CPU.Build.0 = Release|Any CPU
	EndGlobalSection
	GlobalSection(SolutionProperties) = preSolution
		HideSolutionNode = FALSE
	EndGlobalSection
	GlobalSection(ExtensibilityGlobals) = postSolution
		SolutionGuid = {AA8CD60A-9607-419D-94BF-F7E264CBB9AD}
	EndGlobalSection
EndGlobal
