
Microsoft Visual Studio Solution File, Format Version 12.00
# Visual Studio Version 16
VisualStudioVersion = 16.0.31515.178
MinimumVisualStudioVersion = 10.0.40219.1
Project("{FAE04EC0-301F-11D3-BF4B-00C04F79EFBC}") = "ChessBoardGUIApplication", "ChessBoardGUIApplication\ChessBoardGUIApplication.csproj", "{B0371275-275B-458A-A792-E732A1EEA22E}"
EndProject
Project("{FAE04EC0-301F-11D3-BF4B-00C04F79EFBC}") = "ChessBoardModel", "ChessBoardModel\ChessBoardModel.csproj", "{D041626A-9A7E-415F-88C4-B6452A30D991}"
EndProject
Global
	GlobalSection(SolutionConfigurationPlatforms) = preSolution
		Debug|Any CPU = Debug|Any CPU
		Release|Any CPU = Release|Any CPU
	EndGlobalSection
	GlobalSection(ProjectConfigurationPlatforms) = postSolution
		{B0371275-275B-458A-A792-E732A1EEA22E}.Debug|Any CPU.ActiveCfg = Debug|Any CPU
		{B0371275-275B-458A-A792-E732A1EEA22E}.Debug|Any CPU.Build.0 = Debug|Any CPU
		{B0371275-275B-458A-A792-E732A1EEA22E}.Release|Any CPU.ActiveCfg = Release|Any CPU
		{B0371275-275B-458A-A792-E732A1EEA22E}.Release|Any CPU.Build.0 = Release|Any CPU
		{D041626A-9A7E-415F-88C4-B6452A30D991}.Debug|Any CPU.ActiveCfg = Debug|Any CPU
		{D041626A-9A7E-415F-88C4-B6452A30D991}.Debug|Any CPU.Build.0 = Debug|Any CPU
		{D041626A-9A7E-415F-88C4-B6452A30D991}.Release|Any CPU.ActiveCfg = Release|Any CPU
		{D041626A-9A7E-415F-88C4-B6452A30D991}.Release|Any CPU.Build.0 = Release|Any CPU
	EndGlobalSection
	GlobalSection(SolutionProperties) = preSolution
		HideSolutionNode = FALSE
	EndGlobalSection
	GlobalSection(ExtensibilityGlobals) = postSolution
		SolutionGuid = {53C0F3DC-0290-427D-9E9E-5DED0B3275E2}
	EndGlobalSection
EndGlobal
