
Microsoft Visual Studio Solution File, Format Version 12.00
# Visual Studio Version 17
VisualStudioVersion = 17.1.32328.378
MinimumVisualStudioVersion = 10.0.40219.1
Project("{FAE04EC0-301F-11D3-BF4B-00C04F79EFBC}") = "InstantMessengerApp", "InstantMessengerApp\InstantMessengerApp.csproj", "{7C8ADC6B-3D2D-4456-B8BF-A78B7376B554}"
EndProject
Global
	GlobalSection(SolutionConfigurationPlatforms) = preSolution
		Debug|Any CPU = Debug|Any CPU
		Release|Any CPU = Release|Any CPU
	EndGlobalSection
	GlobalSection(ProjectConfigurationPlatforms) = postSolution
		{7C8ADC6B-3D2D-4456-B8BF-A78B7376B554}.Debug|Any CPU.ActiveCfg = Debug|Any CPU
		{7C8ADC6B-3D2D-4456-B8BF-A78B7376B554}.Debug|Any CPU.Build.0 = Debug|Any CPU
		{7C8ADC6B-3D2D-4456-B8BF-A78B7376B554}.Release|Any CPU.ActiveCfg = Release|Any CPU
		{7C8ADC6B-3D2D-4456-B8BF-A78B7376B554}.Release|Any CPU.Build.0 = Release|Any CPU
	EndGlobalSection
	GlobalSection(SolutionProperties) = preSolution
		HideSolutionNode = FALSE
	EndGlobalSection
	GlobalSection(ExtensibilityGlobals) = postSolution
		SolutionGuid = {3F17D07A-81BD-4DDF-B879-833D8BE27A70}
	EndGlobalSection
EndGlobal
