
Microsoft Visual Studio Solution File, Format Version 12.00
# Visual Studio Version 16
VisualStudioVersion = 16.0.31515.178
MinimumVisualStudioVersion = 10.0.40219.1
Project("{FAE04EC0-301F-11D3-BF4B-00C04F79EFBC}") = "NameOrder(Harder)", "NameOrder(Harder)\NameOrder(Harder).csproj", "{5A1E6C6B-1583-4C1D-AFF6-3689F06FC4C9}"
EndProject
Global
	GlobalSection(SolutionConfigurationPlatforms) = preSolution
		Debug|Any CPU = Debug|Any CPU
		Release|Any CPU = Release|Any CPU
	EndGlobalSection
	GlobalSection(ProjectConfigurationPlatforms) = postSolution
		{5A1E6C6B-1583-4C1D-AFF6-3689F06FC4C9}.Debug|Any CPU.ActiveCfg = Debug|Any CPU
		{5A1E6C6B-1583-4C1D-AFF6-3689F06FC4C9}.Debug|Any CPU.Build.0 = Debug|Any CPU
		{5A1E6C6B-1583-4C1D-AFF6-3689F06FC4C9}.Release|Any CPU.ActiveCfg = Release|Any CPU
		{5A1E6C6B-1583-4C1D-AFF6-3689F06FC4C9}.Release|Any CPU.Build.0 = Release|Any CPU
	EndGlobalSection
	GlobalSection(SolutionProperties) = preSolution
		HideSolutionNode = FALSE
	EndGlobalSection
	GlobalSection(ExtensibilityGlobals) = postSolution
		SolutionGuid = {42B8C467-D809-4882-8F94-4EE5CD8D5E64}
	EndGlobalSection
EndGlobal
