
Microsoft Visual Studio Solution File, Format Version 12.00
# Visual Studio Version 16
VisualStudioVersion = 16.0.31515.178
MinimumVisualStudioVersion = 10.0.40219.1
Project("{FAE04EC0-301F-11D3-BF4B-00C04F79EFBC}") = "PartB(CharAtNthPositionOfStr)", "PartB(CharAtNthPositionOfStr)\PartB(CharAtNthPositionOfStr).csproj", "{DD4B2AAD-4769-49FA-9FD8-DE559EF76F88}"
EndProject
Global
	GlobalSection(SolutionConfigurationPlatforms) = preSolution
		Debug|Any CPU = Debug|Any CPU
		Release|Any CPU = Release|Any CPU
	EndGlobalSection
	GlobalSection(ProjectConfigurationPlatforms) = postSolution
		{DD4B2AAD-4769-49FA-9FD8-DE559EF76F88}.Debug|Any CPU.ActiveCfg = Debug|Any CPU
		{DD4B2AAD-4769-49FA-9FD8-DE559EF76F88}.Debug|Any CPU.Build.0 = Debug|Any CPU
		{DD4B2AAD-4769-49FA-9FD8-DE559EF76F88}.Release|Any CPU.ActiveCfg = Release|Any CPU
		{DD4B2AAD-4769-49FA-9FD8-DE559EF76F88}.Release|Any CPU.Build.0 = Release|Any CPU
	EndGlobalSection
	GlobalSection(SolutionProperties) = preSolution
		HideSolutionNode = FALSE
	EndGlobalSection
	GlobalSection(ExtensibilityGlobals) = postSolution
		SolutionGuid = {D5378AF0-B343-4EF8-B89A-8E943A362FF5}
	EndGlobalSection
EndGlobal
