
Microsoft Visual Studio Solution File, Format Version 12.00
# Visual Studio Version 16
VisualStudioVersion = 25.0.1703.8
MinimumVisualStudioVersion = 10.0.40219.1
Project("{FAE04EC0-301F-11D3-BF4B-00C04F79EFBC}") = "BreadthFirstSearch", "BreadthFirstSearch.csproj", "{7CC1B02E-96B6-4D0D-940C-1865417BD3CE}"
EndProject
Global
	GlobalSection(SolutionConfigurationPlatforms) = preSolution
		Debug|Any CPU = Debug|Any CPU
		Release|Any CPU = Release|Any CPU
	EndGlobalSection
	GlobalSection(ProjectConfigurationPlatforms) = postSolution
		{7CC1B02E-96B6-4D0D-940C-1865417BD3CE}.Debug|Any CPU.ActiveCfg = Debug|Any CPU
		{7CC1B02E-96B6-4D0D-940C-1865417BD3CE}.Debug|Any CPU.Build.0 = Debug|Any CPU
		{7CC1B02E-96B6-4D0D-940C-1865417BD3CE}.Release|Any CPU.ActiveCfg = Release|Any CPU
		{7CC1B02E-96B6-4D0D-940C-1865417BD3CE}.Release|Any CPU.Build.0 = Release|Any CPU
	EndGlobalSection
	GlobalSection(SolutionProperties) = preSolution
		HideSolutionNode = FALSE
	EndGlobalSection
	GlobalSection(ExtensibilityGlobals) = postSolution
		SolutionGuid = {982557BB-9C85-44B1-A13B-A229992D0D53}
	EndGlobalSection
EndGlobal
