
Microsoft Visual Studio Solution File, Format Version 12.00
# Visual Studio Version 16
VisualStudioVersion = 16.0.31112.23
MinimumVisualStudioVersion = 10.0.40219.1
Project("{FAE04EC0-301F-11D3-BF4B-00C04F79EFBC}") = "Program1", "Program1\Program1.csproj", "{F16C2069-D033-48E8-94D8-E000D736E7C6}"
EndProject
Global
	GlobalSection(SolutionConfigurationPlatforms) = preSolution
		Debug|Any CPU = Debug|Any CPU
		Release|Any CPU = Release|Any CPU
	EndGlobalSection
	GlobalSection(ProjectConfigurationPlatforms) = postSolution
		{F16C2069-D033-48E8-94D8-E000D736E7C6}.Debug|Any CPU.ActiveCfg = Debug|Any CPU
		{F16C2069-D033-48E8-94D8-E000D736E7C6}.Debug|Any CPU.Build.0 = Debug|Any CPU
		{F16C2069-D033-48E8-94D8-E000D736E7C6}.Release|Any CPU.ActiveCfg = Release|Any CPU
		{F16C2069-D033-48E8-94D8-E000D736E7C6}.Release|Any CPU.Build.0 = Release|Any CPU
	EndGlobalSection
	GlobalSection(SolutionProperties) = preSolution
		HideSolutionNode = FALSE
	EndGlobalSection
	GlobalSection(ExtensibilityGlobals) = postSolution
		SolutionGuid = {4B20D7B8-02CC-49C1-BAF8-17A127A6C334}
	EndGlobalSection
EndGlobal
