
Microsoft Visual Studio Solution File, Format Version 12.00
# Visual Studio Version 16
VisualStudioVersion = 16.0.31515.178
MinimumVisualStudioVersion = 10.0.40219.1
Project("{FAE04EC0-301F-11D3-BF4B-00C04F79EFBC}") = "SentenceAnalysis", "SentenceAnalysis\SentenceAnalysis.csproj", "{A80D3CA2-64B2-4198-982C-3F073C0B17C5}"
EndProject
Global
	GlobalSection(SolutionConfigurationPlatforms) = preSolution
		Debug|Any CPU = Debug|Any CPU
		Release|Any CPU = Release|Any CPU
	EndGlobalSection
	GlobalSection(ProjectConfigurationPlatforms) = postSolution
		{A80D3CA2-64B2-4198-982C-3F073C0B17C5}.Debug|Any CPU.ActiveCfg = Debug|Any CPU
		{A80D3CA2-64B2-4198-982C-3F073C0B17C5}.Debug|Any CPU.Build.0 = Debug|Any CPU
		{A80D3CA2-64B2-4198-982C-3F073C0B17C5}.Release|Any CPU.ActiveCfg = Release|Any CPU
		{A80D3CA2-64B2-4198-982C-3F073C0B17C5}.Release|Any CPU.Build.0 = Release|Any CPU
	EndGlobalSection
	GlobalSection(SolutionProperties) = preSolution
		HideSolutionNode = FALSE
	EndGlobalSection
	GlobalSection(ExtensibilityGlobals) = postSolution
		SolutionGuid = {4E38712A-9DDF-429F-9006-ABE458151B65}
	EndGlobalSection
EndGlobal
