
Microsoft Visual Studio Solution File, Format Version 12.00
# Visual Studio Version 16
VisualStudioVersion = 16.0.31515.178
MinimumVisualStudioVersion = 10.0.40219.1
Project("{FAE04EC0-301F-11D3-BF4B-00C04F79EFBC}") = "MultiplicationTableV2", "MultiplicationTableV2\MultiplicationTableV2.csproj", "{D32AAF99-B696-45A5-961C-FD0F6EFB061A}"
EndProject
Global
	GlobalSection(SolutionConfigurationPlatforms) = preSolution
		Debug|Any CPU = Debug|Any CPU
		Release|Any CPU = Release|Any CPU
	EndGlobalSection
	GlobalSection(ProjectConfigurationPlatforms) = postSolution
		{D32AAF99-B696-45A5-961C-FD0F6EFB061A}.Debug|Any CPU.ActiveCfg = Debug|Any CPU
		{D32AAF99-B696-45A5-961C-FD0F6EFB061A}.Debug|Any CPU.Build.0 = Debug|Any CPU
		{D32AAF99-B696-45A5-961C-FD0F6EFB061A}.Release|Any CPU.ActiveCfg = Release|Any CPU
		{D32AAF99-B696-45A5-961C-FD0F6EFB061A}.Release|Any CPU.Build.0 = Release|Any CPU
	EndGlobalSection
	GlobalSection(SolutionProperties) = preSolution
		HideSolutionNode = FALSE
	EndGlobalSection
	GlobalSection(ExtensibilityGlobals) = postSolution
		SolutionGuid = {34D3DFCD-0932-4845-984E-25860ED2EBCF}
	EndGlobalSection
EndGlobal
