
Microsoft Visual Studio Solution File, Format Version 12.00
# Visual Studio Version 16
VisualStudioVersion = 16.0.31515.178
MinimumVisualStudioVersion = 10.0.40219.1
Project("{FAE04EC0-301F-11D3-BF4B-00C04F79EFBC}") = "CoastalTowns", "CoastalTowns\CoastalTowns.csproj", "{E549E068-2650-408A-A852-38EE31E05B00}"
EndProject
Global
	GlobalSection(SolutionConfigurationPlatforms) = preSolution
		Debug|Any CPU = Debug|Any CPU
		Release|Any CPU = Release|Any CPU
	EndGlobalSection
	GlobalSection(ProjectConfigurationPlatforms) = postSolution
		{E549E068-2650-408A-A852-38EE31E05B00}.Debug|Any CPU.ActiveCfg = Debug|Any CPU
		{E549E068-2650-408A-A852-38EE31E05B00}.Debug|Any CPU.Build.0 = Debug|Any CPU
		{E549E068-2650-408A-A852-38EE31E05B00}.Release|Any CPU.ActiveCfg = Release|Any CPU
		{E549E068-2650-408A-A852-38EE31E05B00}.Release|Any CPU.Build.0 = Release|Any CPU
	EndGlobalSection
	GlobalSection(SolutionProperties) = preSolution
		HideSolutionNode = FALSE
	EndGlobalSection
	GlobalSection(ExtensibilityGlobals) = postSolution
		SolutionGuid = {2566ACE2-C290-4684-AD0A-B111C310AB55}
	EndGlobalSection
EndGlobal
