
Microsoft Visual Studio Solution File, Format Version 12.00
# Visual Studio Version 16
VisualStudioVersion = 16.0.31515.178
MinimumVisualStudioVersion = 10.0.40219.1
Project("{FAE04EC0-301F-11D3-BF4B-00C04F79EFBC}") = "ReverseString", "ReverseString\ReverseString.csproj", "{556152F3-912C-491C-9F64-56E89FE6BD00}"
EndProject
Global
	GlobalSection(SolutionConfigurationPlatforms) = preSolution
		Debug|Any CPU = Debug|Any CPU
		Release|Any CPU = Release|Any CPU
	EndGlobalSection
	GlobalSection(ProjectConfigurationPlatforms) = postSolution
		{556152F3-912C-491C-9F64-56E89FE6BD00}.Debug|Any CPU.ActiveCfg = Debug|Any CPU
		{556152F3-912C-491C-9F64-56E89FE6BD00}.Debug|Any CPU.Build.0 = Debug|Any CPU
		{556152F3-912C-491C-9F64-56E89FE6BD00}.Release|Any CPU.ActiveCfg = Release|Any CPU
		{556152F3-912C-491C-9F64-56E89FE6BD00}.Release|Any CPU.Build.0 = Release|Any CPU
	EndGlobalSection
	GlobalSection(SolutionProperties) = preSolution
		HideSolutionNode = FALSE
	EndGlobalSection
	GlobalSection(ExtensibilityGlobals) = postSolution
		SolutionGuid = {BA43726A-9684-4023-88FE-570FD6FF388E}
	EndGlobalSection
EndGlobal
