
Microsoft Visual Studio Solution File, Format Version 12.00
# Visual Studio Version 16
VisualStudioVersion = 16.0.31515.178
MinimumVisualStudioVersion = 10.0.40219.1
Project("{FAE04EC0-301F-11D3-BF4B-00C04F79EFBC}") = "DisplaySymbols", "DisplaySymbols\DisplaySymbols.csproj", "{2F5102C4-FF82-4479-80FD-0C38975E78F8}"
EndProject
Global
	GlobalSection(SolutionConfigurationPlatforms) = preSolution
		Debug|Any CPU = Debug|Any CPU
		Release|Any CPU = Release|Any CPU
	EndGlobalSection
	GlobalSection(ProjectConfigurationPlatforms) = postSolution
		{2F5102C4-FF82-4479-80FD-0C38975E78F8}.Debug|Any CPU.ActiveCfg = Debug|Any CPU
		{2F5102C4-FF82-4479-80FD-0C38975E78F8}.Debug|Any CPU.Build.0 = Debug|Any CPU
		{2F5102C4-FF82-4479-80FD-0C38975E78F8}.Release|Any CPU.ActiveCfg = Release|Any CPU
		{2F5102C4-FF82-4479-80FD-0C38975E78F8}.Release|Any CPU.Build.0 = Release|Any CPU
	EndGlobalSection
	GlobalSection(SolutionProperties) = preSolution
		HideSolutionNode = FALSE
	EndGlobalSection
	GlobalSection(ExtensibilityGlobals) = postSolution
		SolutionGuid = {47927770-4C84-4A85-B23F-77FE28935BD4}
	EndGlobalSection
EndGlobal
