
Microsoft Visual Studio Solution File, Format Version 12.00
# Visual Studio Version 16
VisualStudioVersion = 16.0.31515.178
MinimumVisualStudioVersion = 10.0.40219.1
Project("{FAE04EC0-301F-11D3-BF4B-00C04F79EFBC}") = "2-HolidaySpending", "2-HolidaySpending\2-HolidaySpending.csproj", "{BECCF6F3-82F5-4DB0-B221-4F8DF4153209}"
EndProject
Global
	GlobalSection(SolutionConfigurationPlatforms) = preSolution
		Debug|Any CPU = Debug|Any CPU
		Release|Any CPU = Release|Any CPU
	EndGlobalSection
	GlobalSection(ProjectConfigurationPlatforms) = postSolution
		{BECCF6F3-82F5-4DB0-B221-4F8DF4153209}.Debug|Any CPU.ActiveCfg = Debug|Any CPU
		{BECCF6F3-82F5-4DB0-B221-4F8DF4153209}.Debug|Any CPU.Build.0 = Debug|Any CPU
		{BECCF6F3-82F5-4DB0-B221-4F8DF4153209}.Release|Any CPU.ActiveCfg = Release|Any CPU
		{BECCF6F3-82F5-4DB0-B221-4F8DF4153209}.Release|Any CPU.Build.0 = Release|Any CPU
	EndGlobalSection
	GlobalSection(SolutionProperties) = preSolution
		HideSolutionNode = FALSE
	EndGlobalSection
	GlobalSection(ExtensibilityGlobals) = postSolution
		SolutionGuid = {2484F1D9-59C3-4624-96B8-2F4C118999B6}
	EndGlobalSection
EndGlobal
