
Microsoft Visual Studio Solution File, Format Version 12.00
# Visual Studio Version 16
VisualStudioVersion = 16.0.31515.178
MinimumVisualStudioVersion = 10.0.40219.1
Project("{FAE04EC0-301F-11D3-BF4B-00C04F79EFBC}") = "MultiplicationTable", "MultiplicationTable\MultiplicationTable.csproj", "{28548E32-477D-4B43-AEF0-D45083483C1B}"
EndProject
Global
	GlobalSection(SolutionConfigurationPlatforms) = preSolution
		Debug|Any CPU = Debug|Any CPU
		Release|Any CPU = Release|Any CPU
	EndGlobalSection
	GlobalSection(ProjectConfigurationPlatforms) = postSolution
		{28548E32-477D-4B43-AEF0-D45083483C1B}.Debug|Any CPU.ActiveCfg = Debug|Any CPU
		{28548E32-477D-4B43-AEF0-D45083483C1B}.Debug|Any CPU.Build.0 = Debug|Any CPU
		{28548E32-477D-4B43-AEF0-D45083483C1B}.Release|Any CPU.ActiveCfg = Release|Any CPU
		{28548E32-477D-4B43-AEF0-D45083483C1B}.Release|Any CPU.Build.0 = Release|Any CPU
	EndGlobalSection
	GlobalSection(SolutionProperties) = preSolution
		HideSolutionNode = FALSE
	EndGlobalSection
	GlobalSection(ExtensibilityGlobals) = postSolution
		SolutionGuid = {5E096258-1DB1-4AB7-9B0F-0F3F9AB41CCA}
	EndGlobalSection
EndGlobal
