
Microsoft Visual Studio Solution File, Format Version 12.00
# Visual Studio Version 16
VisualStudioVersion = 16.0.31515.178
MinimumVisualStudioVersion = 10.0.40219.1
Project("{FAE04EC0-301F-11D3-BF4B-00C04F79EFBC}") = "Notepad", "Notepad\Notepad.csproj", "{5DC3BF5F-3014-42A1-AEF1-58294CC304E1}"
EndProject
Global
	GlobalSection(SolutionConfigurationPlatforms) = preSolution
		Debug|Any CPU = Debug|Any CPU
		Release|Any CPU = Release|Any CPU
	EndGlobalSection
	GlobalSection(ProjectConfigurationPlatforms) = postSolution
		{5DC3BF5F-3014-42A1-AEF1-58294CC304E1}.Debug|Any CPU.ActiveCfg = Debug|Any CPU
		{5DC3BF5F-3014-42A1-AEF1-58294CC304E1}.Debug|Any CPU.Build.0 = Debug|Any CPU
		{5DC3BF5F-3014-42A1-AEF1-58294CC304E1}.Release|Any CPU.ActiveCfg = Release|Any CPU
		{5DC3BF5F-3014-42A1-AEF1-58294CC304E1}.Release|Any CPU.Build.0 = Release|Any CPU
	EndGlobalSection
	GlobalSection(SolutionProperties) = preSolution
		HideSolutionNode = FALSE
	EndGlobalSection
	GlobalSection(ExtensibilityGlobals) = postSolution
		SolutionGuid = {7A8D5274-ACBE-4CD1-8436-D721A7ADB57D}
	EndGlobalSection
EndGlobal
