
Microsoft Visual Studio Solution File, Format Version 12.00
# Visual Studio Version 16
VisualStudioVersion = 16.0.31112.23
MinimumVisualStudioVersion = 10.0.40219.1
Project("{FAE04EC0-301F-11D3-BF4B-00C04F79EFBC}") = "PaceCalculator", "PaceCalculator\PaceCalculator.csproj", "{69000359-C9BF-4118-8DEA-80F4FB32AF4F}"
EndProject
Global
	GlobalSection(SolutionConfigurationPlatforms) = preSolution
		Debug|Any CPU = Debug|Any CPU
		Release|Any CPU = Release|Any CPU
	EndGlobalSection
	GlobalSection(ProjectConfigurationPlatforms) = postSolution
		{69000359-C9BF-4118-8DEA-80F4FB32AF4F}.Debug|Any CPU.ActiveCfg = Debug|Any CPU
		{69000359-C9BF-4118-8DEA-80F4FB32AF4F}.Debug|Any CPU.Build.0 = Debug|Any CPU
		{69000359-C9BF-4118-8DEA-80F4FB32AF4F}.Release|Any CPU.ActiveCfg = Release|Any CPU
		{69000359-C9BF-4118-8DEA-80F4FB32AF4F}.Release|Any CPU.Build.0 = Release|Any CPU
	EndGlobalSection
	GlobalSection(SolutionProperties) = preSolution
		HideSolutionNode = FALSE
	EndGlobalSection
	GlobalSection(ExtensibilityGlobals) = postSolution
		SolutionGuid = {C0EAC908-6331-49EF-92B9-5E50B9080C2A}
	EndGlobalSection
EndGlobal
