
Microsoft Visual Studio Solution File, Format Version 12.00
# Visual Studio Version 16
VisualStudioVersion = 16.0.32126.315
MinimumVisualStudioVersion = 10.0.40219.1
Project("{FAE04EC0-301F-11D3-BF4B-00C04F79EFBC}") = "CircularQueue", "CircularQueue\CircularQueue.csproj", "{A4ED1ECE-32AD-45B5-BCAE-FF7BDFBF0611}"
EndProject
Global
	GlobalSection(SolutionConfigurationPlatforms) = preSolution
		Debug|Any CPU = Debug|Any CPU
		Release|Any CPU = Release|Any CPU
	EndGlobalSection
	GlobalSection(ProjectConfigurationPlatforms) = postSolution
		{A4ED1ECE-32AD-45B5-BCAE-FF7BDFBF0611}.Debug|Any CPU.ActiveCfg = Debug|Any CPU
		{A4ED1ECE-32AD-45B5-BCAE-FF7BDFBF0611}.Debug|Any CPU.Build.0 = Debug|Any CPU
		{A4ED1ECE-32AD-45B5-BCAE-FF7BDFBF0611}.Release|Any CPU.ActiveCfg = Release|Any CPU
		{A4ED1ECE-32AD-45B5-BCAE-FF7BDFBF0611}.Release|Any CPU.Build.0 = Release|Any CPU
	EndGlobalSection
	GlobalSection(SolutionProperties) = preSolution
		HideSolutionNode = FALSE
	EndGlobalSection
	GlobalSection(ExtensibilityGlobals) = postSolution
		SolutionGuid = {5CC2412B-460A-4516-9AAD-892F8FF02586}
	EndGlobalSection
EndGlobal
