
Microsoft Visual Studio Solution File, Format Version 12.00
# Visual Studio Version 16
VisualStudioVersion = 16.0.31112.23
MinimumVisualStudioVersion = 10.0.40219.1
Project("{FAE04EC0-301F-11D3-BF4B-00C04F79EFBC}") = "Example1", "Example1\Example1.csproj", "{4317D58F-9313-4006-B61C-E4CA8B31E15C}"
EndProject
Global
	GlobalSection(SolutionConfigurationPlatforms) = preSolution
		Debug|Any CPU = Debug|Any CPU
		Release|Any CPU = Release|Any CPU
	EndGlobalSection
	GlobalSection(ProjectConfigurationPlatforms) = postSolution
		{4317D58F-9313-4006-B61C-E4CA8B31E15C}.Debug|Any CPU.ActiveCfg = Debug|Any CPU
		{4317D58F-9313-4006-B61C-E4CA8B31E15C}.Debug|Any CPU.Build.0 = Debug|Any CPU
		{4317D58F-9313-4006-B61C-E4CA8B31E15C}.Release|Any CPU.ActiveCfg = Release|Any CPU
		{4317D58F-9313-4006-B61C-E4CA8B31E15C}.Release|Any CPU.Build.0 = Release|Any CPU
	EndGlobalSection
	GlobalSection(SolutionProperties) = preSolution
		HideSolutionNode = FALSE
	EndGlobalSection
	GlobalSection(ExtensibilityGlobals) = postSolution
		SolutionGuid = {EBCA65E6-A545-46C2-8424-5C2CB191D9F8}
	EndGlobalSection
EndGlobal
